
Microsoft Visual Studio Solution File, Format Version 12.00
# Visual Studio Version 17
VisualStudioVersion = 17.13.35818.85 d17.13
MinimumVisualStudioVersion = 10.0.40219.1
Project("{FAE04EC0-301F-11D3-BF4B-00C04F79EFBC}") = "MauiTuts", "MauiTuts.csproj", "{D3222437-CFD3-43A0-8305-99F95925221B}"
EndProject
Global
	GlobalSection(SolutionConfigurationPlatforms) = preSolution
		Debug|Any CPU = Debug|Any CPU
		Release|Any CPU = Release|Any CPU
	EndGlobalSection
	GlobalSection(ProjectConfigurationPlatforms) = postSolution
		{D3222437-CFD3-43A0-8305-99F95925221B}.Debug|Any CPU.ActiveCfg = Debug|Any CPU
		{D3222437-CFD3-43A0-8305-99F95925221B}.Debug|Any CPU.Build.0 = Debug|Any CPU
		{D3222437-CFD3-43A0-8305-99F95925221B}.Release|Any CPU.ActiveCfg = Release|Any CPU
		{D3222437-CFD3-43A0-8305-99F95925221B}.Release|Any CPU.Build.0 = Release|Any CPU
	EndGlobalSection
	GlobalSection(SolutionProperties) = preSolution
		HideSolutionNode = FALSE
	EndGlobalSection
	GlobalSection(ExtensibilityGlobals) = postSolution
		SolutionGuid = {3C3662A0-BEB3-44B6-B9B0-74D98E6EDD06}
	EndGlobalSection
EndGlobal
